
Microsoft Visual Studio Solution File, Format Version 12.00
# Visual Studio 15
VisualStudioVersion = 15.0.28010.2016
MinimumVisualStudioVersion = 10.0.40219.1
Project("{9A19103F-16F7-4668-BE54-9A1E7A4F7556}") = "OnlineQueue", "WebApplication2\OnlineQueue.csproj", "{9FF8B95C-8327-44FA-8EF5-18FA788357E9}"
EndProject
Project("{FAE04EC0-301F-11D3-BF4B-00C04F79EFBC}") = "OnlineQueue.Tests", "OnlineQueue.Tests\OnlineQueue.Tests.csproj", "{DF869EAB-E382-4952-8649-8C11876105B6}"
EndProject
Global
	GlobalSection(SolutionConfigurationPlatforms) = preSolution
		Debug|Any CPU = Debug|Any CPU
		Release|Any CPU = Release|Any CPU
	EndGlobalSection
	GlobalSection(ProjectConfigurationPlatforms) = postSolution
		{9FF8B95C-8327-44FA-8EF5-18FA788357E9}.Debug|Any CPU.ActiveCfg = Debug|Any CPU
		{9FF8B95C-8327-44FA-8EF5-18FA788357E9}.Debug|Any CPU.Build.0 = Debug|Any CPU
		{9FF8B95C-8327-44FA-8EF5-18FA788357E9}.Release|Any CPU.ActiveCfg = Release|Any CPU
		{9FF8B95C-8327-44FA-8EF5-18FA788357E9}.Release|Any CPU.Build.0 = Release|Any CPU
		{DF869EAB-E382-4952-8649-8C11876105B6}.Debug|Any CPU.ActiveCfg = Debug|Any CPU
		{DF869EAB-E382-4952-8649-8C11876105B6}.Debug|Any CPU.Build.0 = Debug|Any CPU
		{DF869EAB-E382-4952-8649-8C11876105B6}.Release|Any CPU.ActiveCfg = Release|Any CPU
		{DF869EAB-E382-4952-8649-8C11876105B6}.Release|Any CPU.Build.0 = Release|Any CPU
	EndGlobalSection
	GlobalSection(SolutionProperties) = preSolution
		HideSolutionNode = FALSE
	EndGlobalSection
	GlobalSection(ExtensibilityGlobals) = postSolution
		SolutionGuid = {0E55A775-680E-4762-B540-52C087EE11C9}
	EndGlobalSection
EndGlobal
